# This file is automatically @generated by Cargo.
# It is not intended for manual editing.
version = 3

[[package]]
name = "libc"
version = "0.2.139"
source = "registry+https://github.com/rust-lang/crates.io-index"
checksum = "201de327520df007757c1f0adce6e827fe8562fbc28bfd9c15571c66ca1f5f79"

[[package]]
name = "nonblock"
version = "0.2.0"
source = "registry+https://github.com/rust-lang/crates.io-index"
checksum = "51c7a4f22e5f2e2bd805d6ab56f1ae87eb1815673e1b452048896fb687a8a3d4"
dependencies = [
 "libc",
]

[[package]]
name = "spin-cli"
version = "0.1.0"
dependencies = [
 "nonblock",
]
